// !$*UTF8*$!
{
	archiveVersion = 1;
	classes = {
	};
	objectVersion = 50;
	objects = {

/* Begin PBXBuildFile section */
		0462BBC541FA8BB95D2C97C4 /* Pods_Budget_World.framework in Frameworks */ = {isa = PBXBuildFile; fileRef = 80DCB5A40F786B8AAA358A95 /* Pods_Budget_World.framework */; };
		260080D720B8C6670025DD27 /* SlideOptionCell.swift in Sources */ = {isa = PBXBuildFile; fileRef = 260080D620B8C6670025DD27 /* SlideOptionCell.swift */; };
		260080D920B8C6E40025DD27 /* BaseTableViewCell.swift in Sources */ = {isa = PBXBuildFile; fileRef = 260080D820B8C6E40025DD27 /* BaseTableViewCell.swift */; };
		265C799220B8D8ED00AA6F01 /* SlideOptionsController.swift in Sources */ = {isa = PBXBuildFile; fileRef = 265C799120B8D8ED00AA6F01 /* SlideOptionsController.swift */; };
		267CF24220B9105A00E7BD8C /* OpenSans-Regular.ttf in Resources */ = {isa = PBXBuildFile; fileRef = 267CF24120B9105200E7BD8C /* OpenSans-Regular.ttf */; };
		268D7CE520B8952C0002ACE3 /* AppDelegate.swift in Sources */ = {isa = PBXBuildFile; fileRef = 268D7CE420B8952C0002ACE3 /* AppDelegate.swift */; };
		268D7CE720B8952C0002ACE3 /* MainController.swift in Sources */ = {isa = PBXBuildFile; fileRef = 268D7CE620B8952C0002ACE3 /* MainController.swift */; };
		268D7CEA20B8952C0002ACE3 /* Main.storyboard in Resources */ = {isa = PBXBuildFile; fileRef = 268D7CE820B8952C0002ACE3 /* Main.storyboard */; };
		268D7CED20B8952C0002ACE3 /* Budget_World.xcdatamodeld in Sources */ = {isa = PBXBuildFile; fileRef = 268D7CEB20B8952C0002ACE3 /* Budget_World.xcdatamodeld */; };
		268D7CEF20B8952E0002ACE3 /* Assets.xcassets in Resources */ = {isa = PBXBuildFile; fileRef = 268D7CEE20B8952E0002ACE3 /* Assets.xcassets */; };
		268D7CF220B8952E0002ACE3 /* LaunchScreen.storyboard in Resources */ = {isa = PBXBuildFile; fileRef = 268D7CF020B8952E0002ACE3 /* LaunchScreen.storyboard */; };
		268D7CFE20B898290002ACE3 /* Extensions.swift in Sources */ = {isa = PBXBuildFile; fileRef = 268D7CFD20B898290002ACE3 /* Extensions.swift */; };
		268D7D0120B89BEE0002ACE3 /* MainScreenView.swift in Sources */ = {isa = PBXBuildFile; fileRef = 268D7D0020B89BEE0002ACE3 /* MainScreenView.swift */; };
		26C032D920BDDFF100A86A09 /* BudgetOverviewController.swift in Sources */ = {isa = PBXBuildFile; fileRef = 26C032D820BDDFF100A86A09 /* BudgetOverviewController.swift */; };
		26C032DB20BE00AA00A86A09 /* BudgetView.swift in Sources */ = {isa = PBXBuildFile; fileRef = 26C032DA20BE00AA00A86A09 /* BudgetView.swift */; };
		26D96D5D20B9DF77000CFB9C /* AddTransactionController.swift in Sources */ = {isa = PBXBuildFile; fileRef = 26D96D5C20B9DF77000CFB9C /* AddTransactionController.swift */; };
		26D96D5F20B9E292000CFB9C /* AddTransactionView.swift in Sources */ = {isa = PBXBuildFile; fileRef = 26D96D5E20B9E292000CFB9C /* AddTransactionView.swift */; };
		26D96D6120BA0FDA000CFB9C /* CategoryController.swift in Sources */ = {isa = PBXBuildFile; fileRef = 26D96D6020BA0FDA000CFB9C /* CategoryController.swift */; };
		26D96D6320BA130B000CFB9C /* TransactionTextField.swift in Sources */ = {isa = PBXBuildFile; fileRef = 26D96D6220BA130B000CFB9C /* TransactionTextField.swift */; };
		26D96D6520BA16C0000CFB9C /* CategoryCell.swift in Sources */ = {isa = PBXBuildFile; fileRef = 26D96D6420BA16C0000CFB9C /* CategoryCell.swift */; };
		26D96D6720BA197C000CFB9C /* Enums.swift in Sources */ = {isa = PBXBuildFile; fileRef = 26D96D6620BA197C000CFB9C /* Enums.swift */; };
		26DB9F0720BE0CD300E9AD55 /* TransactionManager.swift in Sources */ = {isa = PBXBuildFile; fileRef = 26DB9F0620BE0CD300E9AD55 /* TransactionManager.swift */; };
		26DB9F0920BE12DE00E9AD55 /* BudgetLabel.swift in Sources */ = {isa = PBXBuildFile; fileRef = 26DB9F0820BE12DE00E9AD55 /* BudgetLabel.swift */; };
		26DB9F0B20BE172C00E9AD55 /* DateBar.swift in Sources */ = {isa = PBXBuildFile; fileRef = 26DB9F0A20BE172C00E9AD55 /* DateBar.swift */; };
		26DB9F0D20BE1A1F00E9AD55 /* IncomeOverview.swift in Sources */ = {isa = PBXBuildFile; fileRef = 26DB9F0C20BE1A1F00E9AD55 /* IncomeOverview.swift */; };
		26DB9F0F20BE241600E9AD55 /* ExpenseOverview.swift in Sources */ = {isa = PBXBuildFile; fileRef = 26DB9F0E20BE241600E9AD55 /* ExpenseOverview.swift */; };
		26DB9F1120BE4A4100E9AD55 /* BalanceOverview.swift in Sources */ = {isa = PBXBuildFile; fileRef = 26DB9F1020BE4A4100E9AD55 /* BalanceOverview.swift */; };
/* End PBXBuildFile section */

/* Begin PBXFileReference section */
		260080D620B8C6670025DD27 /* SlideOptionCell.swift */ = {isa = PBXFileReference; lastKnownFileType = sourcecode.swift; path = SlideOptionCell.swift; sourceTree = "<group>"; };
		260080D820B8C6E40025DD27 /* BaseTableViewCell.swift */ = {isa = PBXFileReference; lastKnownFileType = sourcecode.swift; path = BaseTableViewCell.swift; sourceTree = "<group>"; };
		265C799120B8D8ED00AA6F01 /* SlideOptionsController.swift */ = {isa = PBXFileReference; lastKnownFileType = sourcecode.swift; path = SlideOptionsController.swift; sourceTree = "<group>"; };
		267CF24120B9105200E7BD8C /* OpenSans-Regular.ttf */ = {isa = PBXFileReference; lastKnownFileType = file; name = "OpenSans-Regular.ttf"; path = "Assets.xcassets/OpenSans-Regular.ttf"; sourceTree = "<group>"; };
		268D7CE120B8952C0002ACE3 /* Budget World.app */ = {isa = PBXFileReference; explicitFileType = wrapper.application; includeInIndex = 0; path = "Budget World.app"; sourceTree = BUILT_PRODUCTS_DIR; };
		268D7CE420B8952C0002ACE3 /* AppDelegate.swift */ = {isa = PBXFileReference; lastKnownFileType = sourcecode.swift; path = AppDelegate.swift; sourceTree = "<group>"; };
		268D7CE620B8952C0002ACE3 /* MainController.swift */ = {isa = PBXFileReference; lastKnownFileType = sourcecode.swift; path = MainController.swift; sourceTree = "<group>"; };
		268D7CE920B8952C0002ACE3 /* Base */ = {isa = PBXFileReference; lastKnownFileType = file.storyboard; name = Base; path = Base.lproj/Main.storyboard; sourceTree = "<group>"; };
		268D7CEC20B8952C0002ACE3 /* Budget_World.xcdatamodel */ = {isa = PBXFileReference; lastKnownFileType = wrapper.xcdatamodel; path = Budget_World.xcdatamodel; sourceTree = "<group>"; };
		268D7CEE20B8952E0002ACE3 /* Assets.xcassets */ = {isa = PBXFileReference; lastKnownFileType = folder.assetcatalog; path = Assets.xcassets; sourceTree = "<group>"; };
		268D7CF120B8952E0002ACE3 /* Base */ = {isa = PBXFileReference; lastKnownFileType = file.storyboard; name = Base; path = Base.lproj/LaunchScreen.storyboard; sourceTree = "<group>"; };
		268D7CF320B8952E0002ACE3 /* Info.plist */ = {isa = PBXFileReference; lastKnownFileType = text.plist.xml; path = Info.plist; sourceTree = "<group>"; };
		268D7CFD20B898290002ACE3 /* Extensions.swift */ = {isa = PBXFileReference; lastKnownFileType = sourcecode.swift; path = Extensions.swift; sourceTree = "<group>"; };
		268D7D0020B89BEE0002ACE3 /* MainScreenView.swift */ = {isa = PBXFileReference; lastKnownFileType = sourcecode.swift; path = MainScreenView.swift; sourceTree = "<group>"; };
		26C032D820BDDFF100A86A09 /* BudgetOverviewController.swift */ = {isa = PBXFileReference; lastKnownFileType = sourcecode.swift; path = BudgetOverviewController.swift; sourceTree = "<group>"; };
		26C032DA20BE00AA00A86A09 /* BudgetView.swift */ = {isa = PBXFileReference; lastKnownFileType = sourcecode.swift; path = BudgetView.swift; sourceTree = "<group>"; };
		26D96D5C20B9DF77000CFB9C /* AddTransactionController.swift */ = {isa = PBXFileReference; lastKnownFileType = sourcecode.swift; path = AddTransactionController.swift; sourceTree = "<group>"; };
		26D96D5E20B9E292000CFB9C /* AddTransactionView.swift */ = {isa = PBXFileReference; lastKnownFileType = sourcecode.swift; path = AddTransactionView.swift; sourceTree = "<group>"; };
		26D96D6020BA0FDA000CFB9C /* CategoryController.swift */ = {isa = PBXFileReference; lastKnownFileType = sourcecode.swift; path = CategoryController.swift; sourceTree = "<group>"; };
		26D96D6220BA130B000CFB9C /* TransactionTextField.swift */ = {isa = PBXFileReference; lastKnownFileType = sourcecode.swift; path = TransactionTextField.swift; sourceTree = "<group>"; };
		26D96D6420BA16C0000CFB9C /* CategoryCell.swift */ = {isa = PBXFileReference; lastKnownFileType = sourcecode.swift; path = CategoryCell.swift; sourceTree = "<group>"; };
		26D96D6620BA197C000CFB9C /* Enums.swift */ = {isa = PBXFileReference; lastKnownFileType = sourcecode.swift; path = Enums.swift; sourceTree = "<group>"; };
		26DB9F0620BE0CD300E9AD55 /* TransactionManager.swift */ = {isa = PBXFileReference; lastKnownFileType = sourcecode.swift; path = TransactionManager.swift; sourceTree = "<group>"; };
		26DB9F0820BE12DE00E9AD55 /* BudgetLabel.swift */ = {isa = PBXFileReference; lastKnownFileType = sourcecode.swift; path = BudgetLabel.swift; sourceTree = "<group>"; };
		26DB9F0A20BE172C00E9AD55 /* DateBar.swift */ = {isa = PBXFileReference; lastKnownFileType = sourcecode.swift; path = DateBar.swift; sourceTree = "<group>"; };
		26DB9F0C20BE1A1F00E9AD55 /* IncomeOverview.swift */ = {isa = PBXFileReference; lastKnownFileType = sourcecode.swift; path = IncomeOverview.swift; sourceTree = "<group>"; };
		26DB9F0E20BE241600E9AD55 /* ExpenseOverview.swift */ = {isa = PBXFileReference; lastKnownFileType = sourcecode.swift; path = ExpenseOverview.swift; sourceTree = "<group>"; };
		26DB9F1020BE4A4100E9AD55 /* BalanceOverview.swift */ = {isa = PBXFileReference; lastKnownFileType = sourcecode.swift; path = BalanceOverview.swift; sourceTree = "<group>"; };
		60520938E494FB55F34F3658 /* Pods-Budget World.release.xcconfig */ = {isa = PBXFileReference; includeInIndex = 1; lastKnownFileType = text.xcconfig; name = "Pods-Budget World.release.xcconfig"; path = "Pods/Target Support Files/Pods-Budget World/Pods-Budget World.release.xcconfig"; sourceTree = "<group>"; };
		80DCB5A40F786B8AAA358A95 /* Pods_Budget_World.framework */ = {isa = PBXFileReference; explicitFileType = wrapper.framework; includeInIndex = 0; path = Pods_Budget_World.framework; sourceTree = BUILT_PRODUCTS_DIR; };
		9616980B44095F93909481C4 /* Pods-Budget World.debug.xcconfig */ = {isa = PBXFileReference; includeInIndex = 1; lastKnownFileType = text.xcconfig; name = "Pods-Budget World.debug.xcconfig"; path = "Pods/Target Support Files/Pods-Budget World/Pods-Budget World.debug.xcconfig"; sourceTree = "<group>"; };
/* End PBXFileReference section */

/* Begin PBXFrameworksBuildPhase section */
		268D7CDE20B8952C0002ACE3 /* Frameworks */ = {
			isa = PBXFrameworksBuildPhase;
			buildActionMask = 2147483647;
			files = (
				0462BBC541FA8BB95D2C97C4 /* Pods_Budget_World.framework in Frameworks */,
			);
			runOnlyForDeploymentPostprocessing = 0;
		};
/* End PBXFrameworksBuildPhase section */

/* Begin PBXGroup section */
		268D7CD820B8952C0002ACE3 = {
			isa = PBXGroup;
			children = (
				268D7CE320B8952C0002ACE3 /* Budget World */,
				268D7CE220B8952C0002ACE3 /* Products */,
				B756343FFF225E85F3D48D55 /* Pods */,
				7FC9EF3FBDDB52789BB90590 /* Frameworks */,
			);
			sourceTree = "<group>";
		};
		268D7CE220B8952C0002ACE3 /* Products */ = {
			isa = PBXGroup;
			children = (
				268D7CE120B8952C0002ACE3 /* Budget World.app */,
			);
			name = Products;
			sourceTree = "<group>";
		};
		268D7CE320B8952C0002ACE3 /* Budget World */ = {
			isa = PBXGroup;
			children = (
				268D7CFF20B898390002ACE3 /* Helpers */,
				268D7CF320B8952E0002ACE3 /* Info.plist */,
				268D7CE420B8952C0002ACE3 /* AppDelegate.swift */,
				268D7CFC20B895860002ACE3 /* Controller */,
				268D7CFB20B895800002ACE3 /* View */,
				268D7CFA20B895670002ACE3 /* Model */,
				268D7CF920B895450002ACE3 /* Supporting Files */,
			);
			path = "Budget World";
			sourceTree = "<group>";
		};
		268D7CF920B895450002ACE3 /* Supporting Files */ = {
			isa = PBXGroup;
			children = (
				267CF24120B9105200E7BD8C /* OpenSans-Regular.ttf */,
				268D7CEE20B8952E0002ACE3 /* Assets.xcassets */,
				268D7CE820B8952C0002ACE3 /* Main.storyboard */,
				268D7CF020B8952E0002ACE3 /* LaunchScreen.storyboard */,
			);
			path = "Supporting Files";
			sourceTree = "<group>";
		};
		268D7CFA20B895670002ACE3 /* Model */ = {
			isa = PBXGroup;
			children = (
				268D7CEB20B8952C0002ACE3 /* Budget_World.xcdatamodeld */,
			);
			path = Model;
			sourceTree = "<group>";
		};
		268D7CFB20B895800002ACE3 /* View */ = {
			isa = PBXGroup;
			children = (
				268D7D0020B89BEE0002ACE3 /* MainScreenView.swift */,
				260080D620B8C6670025DD27 /* SlideOptionCell.swift */,
				260080D820B8C6E40025DD27 /* BaseTableViewCell.swift */,
				26D96D5E20B9E292000CFB9C /* AddTransactionView.swift */,
				26D96D6220BA130B000CFB9C /* TransactionTextField.swift */,
				26D96D6420BA16C0000CFB9C /* CategoryCell.swift */,
				26C032DA20BE00AA00A86A09 /* BudgetView.swift */,
				26DB9F0820BE12DE00E9AD55 /* BudgetLabel.swift */,
				26DB9F0A20BE172C00E9AD55 /* DateBar.swift */,
				26DB9F0C20BE1A1F00E9AD55 /* IncomeOverview.swift */,
				26DB9F0E20BE241600E9AD55 /* ExpenseOverview.swift */,
				26DB9F1020BE4A4100E9AD55 /* BalanceOverview.swift */,
			);
			path = View;
			sourceTree = "<group>";
		};
		268D7CFC20B895860002ACE3 /* Controller */ = {
			isa = PBXGroup;
			children = (
				268D7CE620B8952C0002ACE3 /* MainController.swift */,
				265C799120B8D8ED00AA6F01 /* SlideOptionsController.swift */,
				26D96D5C20B9DF77000CFB9C /* AddTransactionController.swift */,
				26D96D6020BA0FDA000CFB9C /* CategoryController.swift */,
				26C032D820BDDFF100A86A09 /* BudgetOverviewController.swift */,
			);
			path = Controller;
			sourceTree = "<group>";
		};
		268D7CFF20B898390002ACE3 /* Helpers */ = {
			isa = PBXGroup;
			children = (
				268D7CFD20B898290002ACE3 /* Extensions.swift */,
				26D96D6620BA197C000CFB9C /* Enums.swift */,
				26DB9F0620BE0CD300E9AD55 /* TransactionManager.swift */,
			);
			path = Helpers;
			sourceTree = "<group>";
		};
		7FC9EF3FBDDB52789BB90590 /* Frameworks */ = {
			isa = PBXGroup;
			children = (
				80DCB5A40F786B8AAA358A95 /* Pods_Budget_World.framework */,
			);
			name = Frameworks;
			sourceTree = "<group>";
		};
		B756343FFF225E85F3D48D55 /* Pods */ = {
			isa = PBXGroup;
			children = (
				9616980B44095F93909481C4 /* Pods-Budget World.debug.xcconfig */,
				60520938E494FB55F34F3658 /* Pods-Budget World.release.xcconfig */,
			);
			name = Pods;
			sourceTree = "<group>";
		};
/* End PBXGroup section */

/* Begin PBXNativeTarget section */
		268D7CE020B8952C0002ACE3 /* Budget World */ = {
			isa = PBXNativeTarget;
			buildConfigurationList = 268D7CF620B8952E0002ACE3 /* Build configuration list for PBXNativeTarget "Budget World" */;
			buildPhases = (
				8E1C56EC1157A23626B5C9CE /* [CP] Check Pods Manifest.lock */,
				268D7CDD20B8952C0002ACE3 /* Sources */,
				268D7CDE20B8952C0002ACE3 /* Frameworks */,
				268D7CDF20B8952C0002ACE3 /* Resources */,
				A80AF60D44A9C247D39E712B /* [CP] Embed Pods Frameworks */,
			);
			buildRules = (
			);
			dependencies = (
			);
			name = "Budget World";
			productName = "Budget World";
			productReference = 268D7CE120B8952C0002ACE3 /* Budget World.app */;
			productType = "com.apple.product-type.application";
		};
/* End PBXNativeTarget section */

/* Begin PBXProject section */
		268D7CD920B8952C0002ACE3 /* Project object */ = {
			isa = PBXProject;
			attributes = {
				LastSwiftUpdateCheck = 0930;
				LastUpgradeCheck = 0930;
				ORGANIZATIONNAME = "Eugene Lu";
				TargetAttributes = {
					268D7CE020B8952C0002ACE3 = {
						CreatedOnToolsVersion = 9.3.1;
					};
				};
			};
			buildConfigurationList = 268D7CDC20B8952C0002ACE3 /* Build configuration list for PBXProject "Budget World" */;
			compatibilityVersion = "Xcode 9.3";
			developmentRegion = en;
			hasScannedForEncodings = 0;
			knownRegions = (
				en,
				Base,
			);
			mainGroup = 268D7CD820B8952C0002ACE3;
			productRefGroup = 268D7CE220B8952C0002ACE3 /* Products */;
			projectDirPath = "";
			projectRoot = "";
			targets = (
				268D7CE020B8952C0002ACE3 /* Budget World */,
			);
		};
/* End PBXProject section */

/* Begin PBXResourcesBuildPhase section */
		268D7CDF20B8952C0002ACE3 /* Resources */ = {
			isa = PBXResourcesBuildPhase;
			buildActionMask = 2147483647;
			files = (
				268D7CF220B8952E0002ACE3 /* LaunchScreen.storyboard in Resources */,
				268D7CEF20B8952E0002ACE3 /* Assets.xcassets in Resources */,
				267CF24220B9105A00E7BD8C /* OpenSans-Regular.ttf in Resources */,
				268D7CEA20B8952C0002ACE3 /* Main.storyboard in Resources */,
			);
			runOnlyForDeploymentPostprocessing = 0;
		};
/* End PBXResourcesBuildPhase section */

/* Begin PBXShellScriptBuildPhase section */
		8E1C56EC1157A23626B5C9CE /* [CP] Check Pods Manifest.lock */ = {
			isa = PBXShellScriptBuildPhase;
			buildActionMask = 2147483647;
			files = (
			);
			inputPaths = (
				"${PODS_PODFILE_DIR_PATH}/Podfile.lock",
				"${PODS_ROOT}/Manifest.lock",
			);
			name = "[CP] Check Pods Manifest.lock";
			outputPaths = (
				"$(DERIVED_FILE_DIR)/Pods-Budget World-checkManifestLockResult.txt",
			);
			runOnlyForDeploymentPostprocessing = 0;
			shellPath = /bin/sh;
			shellScript = "diff \"${PODS_PODFILE_DIR_PATH}/Podfile.lock\" \"${PODS_ROOT}/Manifest.lock\" > /dev/null\nif [ $? != 0 ] ; then\n    # print error to STDERR\n    echo \"error: The sandbox is not in sync with the Podfile.lock. Run 'pod install' or update your CocoaPods installation.\" >&2\n    exit 1\nfi\n# This output is used by Xcode 'outputs' to avoid re-running this script phase.\necho \"SUCCESS\" > \"${SCRIPT_OUTPUT_FILE_0}\"\n";
			showEnvVarsInLog = 0;
		};
		A80AF60D44A9C247D39E712B /* [CP] Embed Pods Frameworks */ = {
			isa = PBXShellScriptBuildPhase;
			buildActionMask = 2147483647;
			files = (
			);
			inputPaths = (
				"${SRCROOT}/Pods/Target Support Files/Pods-Budget World/Pods-Budget World-frameworks.sh",
				"${BUILT_PRODUCTS_DIR}/SlideMenuControllerSwift/SlideMenuControllerSwift.framework",
			);
			name = "[CP] Embed Pods Frameworks";
			outputPaths = (
				"${TARGET_BUILD_DIR}/${FRAMEWORKS_FOLDER_PATH}/SlideMenuControllerSwift.framework",
			);
			runOnlyForDeploymentPostprocessing = 0;
			shellPath = /bin/sh;
			shellScript = "\"${SRCROOT}/Pods/Target Support Files/Pods-Budget World/Pods-Budget World-frameworks.sh\"\n";
			showEnvVarsInLog = 0;
		};
/* End PBXShellScriptBuildPhase section */

/* Begin PBXSourcesBuildPhase section */
		268D7CDD20B8952C0002ACE3 /* Sources */ = {
			isa = PBXSourcesBuildPhase;
			buildActionMask = 2147483647;
			files = (
				26DB9F0B20BE172C00E9AD55 /* DateBar.swift in Sources */,
				26C032D920BDDFF100A86A09 /* BudgetOverviewController.swift in Sources */,
				26D96D6520BA16C0000CFB9C /* CategoryCell.swift in Sources */,
				265C799220B8D8ED00AA6F01 /* SlideOptionsController.swift in Sources */,
				268D7D0120B89BEE0002ACE3 /* MainScreenView.swift in Sources */,
				26DB9F0F20BE241600E9AD55 /* ExpenseOverview.swift in Sources */,
				26DB9F0720BE0CD300E9AD55 /* TransactionManager.swift in Sources */,
				268D7CED20B8952C0002ACE3 /* Budget_World.xcdatamodeld in Sources */,
				26C032DB20BE00AA00A86A09 /* BudgetView.swift in Sources */,
				26DB9F0920BE12DE00E9AD55 /* BudgetLabel.swift in Sources */,
				26D96D6720BA197C000CFB9C /* Enums.swift in Sources */,
				268D7CFE20B898290002ACE3 /* Extensions.swift in Sources */,
				268D7CE720B8952C0002ACE3 /* MainController.swift in Sources */,
				26DB9F1120BE4A4100E9AD55 /* BalanceOverview.swift in Sources */,
				26D96D6120BA0FDA000CFB9C /* CategoryController.swift in Sources */,
				26D96D5D20B9DF77000CFB9C /* AddTransactionController.swift in Sources */,
				260080D920B8C6E40025DD27 /* BaseTableViewCell.swift in Sources */,
				26D96D6320BA130B000CFB9C /* TransactionTextField.swift in Sources */,
				260080D720B8C6670025DD27 /* SlideOptionCell.swift in Sources */,
				26DB9F0D20BE1A1F00E9AD55 /* IncomeOverview.swift in Sources */,
				268D7CE520B8952C0002ACE3 /* AppDelegate.swift in Sources */,
				26D96D5F20B9E292000CFB9C /* AddTransactionView.swift in Sources */,
			);
			runOnlyForDeploymentPostprocessing = 0;
		};
/* End PBXSourcesBuildPhase section */

/* Begin PBXVariantGroup section */
		268D7CE820B8952C0002ACE3 /* Main.storyboard */ = {
			isa = PBXVariantGroup;
			children = (
				268D7CE920B8952C0002ACE3 /* Base */,
			);
			name = Main.storyboard;
			sourceTree = "<group>";
		};
		268D7CF020B8952E0002ACE3 /* LaunchScreen.storyboard */ = {
			isa = PBXVariantGroup;
			children = (
				268D7CF120B8952E0002ACE3 /* Base */,
			);
			name = LaunchScreen.storyboard;
			sourceTree = "<group>";
		};
/* End PBXVariantGroup section */

/* Begin XCBuildConfiguration section */
		268D7CF420B8952E0002ACE3 /* Debug */ = {
			isa = XCBuildConfiguration;
			buildSettings = {
				ALWAYS_SEARCH_USER_PATHS = NO;
				CLANG_ANALYZER_NONNULL = YES;
				CLANG_ANALYZER_NUMBER_OBJECT_CONVERSION = YES_AGGRESSIVE;
				CLANG_CXX_LANGUAGE_STANDARD = "gnu++14";
				CLANG_CXX_LIBRARY = "libc++";
				CLANG_ENABLE_MODULES = YES;
				CLANG_ENABLE_OBJC_ARC = YES;
				CLANG_ENABLE_OBJC_WEAK = YES;
				CLANG_WARN_BLOCK_CAPTURE_AUTORELEASING = YES;
				CLANG_WARN_BOOL_CONVERSION = YES;
				CLANG_WARN_COMMA = YES;
				CLANG_WARN_CONSTANT_CONVERSION = YES;
				CLANG_WARN_DEPRECATED_OBJC_IMPLEMENTATIONS = YES;
				CLANG_WARN_DIRECT_OBJC_ISA_USAGE = YES_ERROR;
				CLANG_WARN_DOCUMENTATION_COMMENTS = YES;
				CLANG_WARN_EMPTY_BODY = YES;
				CLANG_WARN_ENUM_CONVERSION = YES;
				CLANG_WARN_INFINITE_RECURSION = YES;
				CLANG_WARN_INT_CONVERSION = YES;
				CLANG_WARN_NON_LITERAL_NULL_CONVERSION = YES;
				CLANG_WARN_OBJC_IMPLICIT_RETAIN_SELF = YES;
				CLANG_WARN_OBJC_LITERAL_CONVERSION = YES;
				CLANG_WARN_OBJC_ROOT_CLASS = YES_ERROR;
				CLANG_WARN_RANGE_LOOP_ANALYSIS = YES;
				CLANG_WARN_STRICT_PROTOTYPES = YES;
				CLANG_WARN_SUSPICIOUS_MOVE = YES;
				CLANG_WARN_UNGUARDED_AVAILABILITY = YES_AGGRESSIVE;
				CLANG_WARN_UNREACHABLE_CODE = YES;
				CLANG_WARN__DUPLICATE_METHOD_MATCH = YES;
				CODE_SIGN_IDENTITY = "iPhone Developer";
				COPY_PHASE_STRIP = NO;
				DEBUG_INFORMATION_FORMAT = dwarf;
				ENABLE_STRICT_OBJC_MSGSEND = YES;
				ENABLE_TESTABILITY = YES;
				GCC_C_LANGUAGE_STANDARD = gnu11;
				GCC_DYNAMIC_NO_PIC = NO;
				GCC_NO_COMMON_BLOCKS = YES;
				GCC_OPTIMIZATION_LEVEL = 0;
				GCC_PREPROCESSOR_DEFINITIONS = (
					"DEBUG=1",
					"$(inherited)",
				);
				GCC_WARN_64_TO_32_BIT_CONVERSION = YES;
				GCC_WARN_ABOUT_RETURN_TYPE = YES_ERROR;
				GCC_WARN_UNDECLARED_SELECTOR = YES;
				GCC_WARN_UNINITIALIZED_AUTOS = YES_AGGRESSIVE;
				GCC_WARN_UNUSED_FUNCTION = YES;
				GCC_WARN_UNUSED_VARIABLE = YES;
				IPHONEOS_DEPLOYMENT_TARGET = 11.3;
				MTL_ENABLE_DEBUG_INFO = YES;
				ONLY_ACTIVE_ARCH = YES;
				SDKROOT = iphoneos;
				SWIFT_ACTIVE_COMPILATION_CONDITIONS = DEBUG;
				SWIFT_OPTIMIZATION_LEVEL = "-Onone";
			};
			name = Debug;
		};
		268D7CF520B8952E0002ACE3 /* Release */ = {
			isa = XCBuildConfiguration;
			buildSettings = {
				ALWAYS_SEARCH_USER_PATHS = NO;
				CLANG_ANALYZER_NONNULL = YES;
				CLANG_ANALYZER_NUMBER_OBJECT_CONVERSION = YES_AGGRESSIVE;
				CLANG_CXX_LANGUAGE_STANDARD = "gnu++14";
				CLANG_CXX_LIBRARY = "libc++";
				CLANG_ENABLE_MODULES = YES;
				CLANG_ENABLE_OBJC_ARC = YES;
				CLANG_ENABLE_OBJC_WEAK = YES;
				CLANG_WARN_BLOCK_CAPTURE_AUTORELEASING = YES;
				CLANG_WARN_BOOL_CONVERSION = YES;
				CLANG_WARN_COMMA = YES;
				CLANG_WARN_CONSTANT_CONVERSION = YES;
				CLANG_WARN_DEPRECATED_OBJC_IMPLEMENTATIONS = YES;
				CLANG_WARN_DIRECT_OBJC_ISA_USAGE = YES_ERROR;
				CLANG_WARN_DOCUMENTATION_COMMENTS = YES;
				CLANG_WARN_EMPTY_BODY = YES;
				CLANG_WARN_ENUM_CONVERSION = YES;
				CLANG_WARN_INFINITE_RECURSION = YES;
				CLANG_WARN_INT_CONVERSION = YES;
				CLANG_WARN_NON_LITERAL_NULL_CONVERSION = YES;
				CLANG_WARN_OBJC_IMPLICIT_RETAIN_SELF = YES;
				CLANG_WARN_OBJC_LITERAL_CONVERSION = YES;
				CLANG_WARN_OBJC_ROOT_CLASS = YES_ERROR;
				CLANG_WARN_RANGE_LOOP_ANALYSIS = YES;
				CLANG_WARN_STRICT_PROTOTYPES = YES;
				CLANG_WARN_SUSPICIOUS_MOVE = YES;
				CLANG_WARN_UNGUARDED_AVAILABILITY = YES_AGGRESSIVE;
				CLANG_WARN_UNREACHABLE_CODE = YES;
				CLANG_WARN__DUPLICATE_METHOD_MATCH = YES;
				CODE_SIGN_IDENTITY = "iPhone Developer";
				COPY_PHASE_STRIP = NO;
				DEBUG_INFORMATION_FORMAT = "dwarf-with-dsym";
				ENABLE_NS_ASSERTIONS = NO;
				ENABLE_STRICT_OBJC_MSGSEND = YES;
				GCC_C_LANGUAGE_STANDARD = gnu11;
				GCC_NO_COMMON_BLOCKS = YES;
				GCC_WARN_64_TO_32_BIT_CONVERSION = YES;
				GCC_WARN_ABOUT_RETURN_TYPE = YES_ERROR;
				GCC_WARN_UNDECLARED_SELECTOR = YES;
				GCC_WARN_UNINITIALIZED_AUTOS = YES_AGGRESSIVE;
				GCC_WARN_UNUSED_FUNCTION = YES;
				GCC_WARN_UNUSED_VARIABLE = YES;
				IPHONEOS_DEPLOYMENT_TARGET = 11.3;
				MTL_ENABLE_DEBUG_INFO = NO;
				SDKROOT = iphoneos;
				SWIFT_COMPILATION_MODE = wholemodule;
				SWIFT_OPTIMIZATION_LEVEL = "-O";
				VALIDATE_PRODUCT = YES;
			};
			name = Release;
		};
		268D7CF720B8952E0002ACE3 /* Debug */ = {
			isa = XCBuildConfiguration;
			baseConfigurationReference = 9616980B44095F93909481C4 /* Pods-Budget World.debug.xcconfig */;
			buildSettings = {
				ASSETCATALOG_COMPILER_APPICON_NAME = AppIcon;
				CODE_SIGN_STYLE = Automatic;
				DEVELOPMENT_TEAM = UJ6RY8Y8CY;
				INFOPLIST_FILE = "Budget World/Info.plist";
				IPHONEOS_DEPLOYMENT_TARGET = 11;
				LD_RUNPATH_SEARCH_PATHS = (
					"$(inherited)",
					"@executable_path/Frameworks",
				);
				PRODUCT_BUNDLE_IDENTIFIER = "com.eugenelu.budgetWorld.Budget-World";
				PRODUCT_NAME = "$(TARGET_NAME)";
				SWIFT_VERSION = 4.0;
				TARGETED_DEVICE_FAMILY = "1,2";
			};
			name = Debug;
		};
		268D7CF820B8952E0002ACE3 /* Release */ = {
			isa = XCBuildConfiguration;
			baseConfigurationReference = 60520938E494FB55F34F3658 /* Pods-Budget World.release.xcconfig */;
			buildSettings = {
				ASSETCATALOG_COMPILER_APPICON_NAME = AppIcon;
				CODE_SIGN_STYLE = Automatic;
				DEVELOPMENT_TEAM = UJ6RY8Y8CY;
				INFOPLIST_FILE = "Budget World/Info.plist";
				IPHONEOS_DEPLOYMENT_TARGET = 11;
				LD_RUNPATH_SEARCH_PATHS = (
					"$(inherited)",
					"@executable_path/Frameworks",
				);
				PRODUCT_BUNDLE_IDENTIFIER = "com.eugenelu.budgetWorld.Budget-World";
				PRODUCT_NAME = "$(TARGET_NAME)";
				SWIFT_VERSION = 4.0;
				TARGETED_DEVICE_FAMILY = "1,2";
			};
			name = Release;
		};
/* End XCBuildConfiguration section */

/* Begin XCConfigurationList section */
		268D7CDC20B8952C0002ACE3 /* Build configuration list for PBXProject "Budget World" */ = {
			isa = XCConfigurationList;
			buildConfigurations = (
				268D7CF420B8952E0002ACE3 /* Debug */,
				268D7CF520B8952E0002ACE3 /* Release */,
			);
			defaultConfigurationIsVisible = 0;
			defaultConfigurationName = Release;
		};
		268D7CF620B8952E0002ACE3 /* Build configuration list for PBXNativeTarget "Budget World" */ = {
			isa = XCConfigurationList;
			buildConfigurations = (
				268D7CF720B8952E0002ACE3 /* Debug */,
				268D7CF820B8952E0002ACE3 /* Release */,
			);
			defaultConfigurationIsVisible = 0;
			defaultConfigurationName = Release;
		};
/* End XCConfigurationList section */

/* Begin XCVersionGroup section */
		268D7CEB20B8952C0002ACE3 /* Budget_World.xcdatamodeld */ = {
			isa = XCVersionGroup;
			children = (
				268D7CEC20B8952C0002ACE3 /* Budget_World.xcdatamodel */,
			);
			currentVersion = 268D7CEC20B8952C0002ACE3 /* Budget_World.xcdatamodel */;
			path = Budget_World.xcdatamodeld;
			sourceTree = "<group>";
			versionGroupType = wrapper.xcdatamodel;
		};
/* End XCVersionGroup section */
	};
	rootObject = 268D7CD920B8952C0002ACE3 /* Project object */;
}
